
Microsoft Visual Studio Solution File, Format Version 12.00
# Visual Studio 15
VisualStudioVersion = 15.0.28307.106
MinimumVisualStudioVersion = 10.0.40219.1
Project("{FAE04EC0-301F-11D3-BF4B-00C04F79EFBC}") = "TestSpot", "TestSpot\TestSpot.csproj", "{F35438A2-E4F0-438D-B5DD-B03EDB321D93}"
EndProject
Project("{FAE04EC0-301F-11D3-BF4B-00C04F79EFBC}") = "Infrastructor", "Infrastructor\Infrastructor.csproj", "{7906A15D-41B5-42B3-830C-E13C82C64482}"
EndProject
Global
	GlobalSection(SolutionConfigurationPlatforms) = preSolution
		Debug|Any CPU = Debug|Any CPU
		Release|Any CPU = Release|Any CPU
	EndGlobalSection
	GlobalSection(ProjectConfigurationPlatforms) = postSolution
		{F35438A2-E4F0-438D-B5DD-B03EDB321D93}.Debug|Any CPU.ActiveCfg = Debug|Any CPU
		{F35438A2-E4F0-438D-B5DD-B03EDB321D93}.Debug|Any CPU.Build.0 = Debug|Any CPU
		{F35438A2-E4F0-438D-B5DD-B03EDB321D93}.Release|Any CPU.ActiveCfg = Release|Any CPU
		{F35438A2-E4F0-438D-B5DD-B03EDB321D93}.Release|Any CPU.Build.0 = Release|Any CPU
		{7906A15D-41B5-42B3-830C-E13C82C64482}.Debug|Any CPU.ActiveCfg = Debug|Any CPU
		{7906A15D-41B5-42B3-830C-E13C82C64482}.Debug|Any CPU.Build.0 = Debug|Any CPU
		{7906A15D-41B5-42B3-830C-E13C82C64482}.Release|Any CPU.ActiveCfg = Release|Any CPU
		{7906A15D-41B5-42B3-830C-E13C82C64482}.Release|Any CPU.Build.0 = Release|Any CPU
	EndGlobalSection
	GlobalSection(SolutionProperties) = preSolution
		HideSolutionNode = FALSE
	EndGlobalSection
	GlobalSection(ExtensibilityGlobals) = postSolution
		SolutionGuid = {83AC847D-1E5C-4C37-9645-C525A29FDADD}
	EndGlobalSection
EndGlobal
